
Microsoft Visual Studio Solution File, Format Version 12.00
# Visual Studio 15
VisualStudioVersion = 15.0.27703.2047
MinimumVisualStudioVersion = 10.0.40219.1
Project("{FAE04EC0-301F-11D3-BF4B-00C04F79EFBC}") = "TrialTwitter.Web", "TrialTwitter.Web\TrialTwitter.Web.csproj", "{95F7D00E-D491-421C-862B-66B6F670DB8B}"
EndProject
Global
	GlobalSection(SolutionConfigurationPlatforms) = preSolution
		Debug|Any CPU = Debug|Any CPU
		Release|Any CPU = Release|Any CPU
	EndGlobalSection
	GlobalSection(ProjectConfigurationPlatforms) = postSolution
		{95F7D00E-D491-421C-862B-66B6F670DB8B}.Debug|Any CPU.ActiveCfg = Debug|Any CPU
		{95F7D00E-D491-421C-862B-66B6F670DB8B}.Debug|Any CPU.Build.0 = Debug|Any CPU
		{95F7D00E-D491-421C-862B-66B6F670DB8B}.Release|Any CPU.ActiveCfg = Release|Any CPU
		{95F7D00E-D491-421C-862B-66B6F670DB8B}.Release|Any CPU.Build.0 = Release|Any CPU
	EndGlobalSection
	GlobalSection(SolutionProperties) = preSolution
		HideSolutionNode = FALSE
	EndGlobalSection
	GlobalSection(ExtensibilityGlobals) = postSolution
		SolutionGuid = {31468E41-559C-4F2D-B0F7-9642226C757E}
	EndGlobalSection
EndGlobal
